// !$*UTF8*$!
{
	archiveVersion = 1;
	classes = {
	};
	objectVersion = 46;
	objects = {

/* Begin PBXBuildFile section */
		12324A2C1C6A2F4700627C63 /* Foundation.framework in Frameworks */ = {isa = PBXBuildFile; fileRef = 12324A2B1C6A2F4700627C63 /* Foundation.framework */; };
		12324A2E1C6A2F4700627C63 /* CoreGraphics.framework in Frameworks */ = {isa = PBXBuildFile; fileRef = 12324A2D1C6A2F4700627C63 /* CoreGraphics.framework */; };
		12324A301C6A2F4700627C63 /* UIKit.framework in Frameworks */ = {isa = PBXBuildFile; fileRef = 12324A2F1C6A2F4700627C63 /* UIKit.framework */; };
		12324A361C6A2F4700627C63 /* InfoPlist.strings in Resources */ = {isa = PBXBuildFile; fileRef = 12324A341C6A2F4700627C63 /* InfoPlist.strings */; };
		12324A381C6A2F4700627C63 /* main.m in Sources */ = {isa = PBXBuildFile; fileRef = 12324A371C6A2F4700627C63 /* main.m */; };
		12324A3C1C6A2F4700627C63 /* AppDelegate.m in Sources */ = {isa = PBXBuildFile; fileRef = 12324A3B1C6A2F4700627C63 /* AppDelegate.m */; };
		12324A3F1C6A2F4700627C63 /* RootViewController.m in Sources */ = {isa = PBXBuildFile; fileRef = 12324A3E1C6A2F4700627C63 /* RootViewController.m */; };
		12324A421C6A2F4700627C63 /* DataViewController.m in Sources */ = {isa = PBXBuildFile; fileRef = 12324A411C6A2F4700627C63 /* DataViewController.m */; };
		12324A451C6A2F4700627C63 /* ModelController.m in Sources */ = {isa = PBXBuildFile; fileRef = 12324A441C6A2F4700627C63 /* ModelController.m */; };
		12324A481C6A2F4700627C63 /* Main_iPhone.storyboard in Resources */ = {isa = PBXBuildFile; fileRef = 12324A461C6A2F4700627C63 /* Main_iPhone.storyboard */; };
		12324A4B1C6A2F4700627C63 /* Main_iPad.storyboard in Resources */ = {isa = PBXBuildFile; fileRef = 12324A491C6A2F4700627C63 /* Main_iPad.storyboard */; };
		12324A4D1C6A2F4700627C63 /* Images.xcassets in Resources */ = {isa = PBXBuildFile; fileRef = 12324A4C1C6A2F4700627C63 /* Images.xcassets */; };
		12324A541C6A2F4700627C63 /* XCTest.framework in Frameworks */ = {isa = PBXBuildFile; fileRef = 12324A531C6A2F4700627C63 /* XCTest.framework */; };
		12324A551C6A2F4700627C63 /* Foundation.framework in Frameworks */ = {isa = PBXBuildFile; fileRef = 12324A2B1C6A2F4700627C63 /* Foundation.framework */; };
		12324A561C6A2F4700627C63 /* UIKit.framework in Frameworks */ = {isa = PBXBuildFile; fileRef = 12324A2F1C6A2F4700627C63 /* UIKit.framework */; };
		12324A5E1C6A2F4700627C63 /* InfoPlist.strings in Resources */ = {isa = PBXBuildFile; fileRef = 12324A5C1C6A2F4700627C63 /* InfoPlist.strings */; };
		12324A601C6A2F4700627C63 /* BLETests.m in Sources */ = {isa = PBXBuildFile; fileRef = 12324A5F1C6A2F4700627C63 /* BLETests.m */; };
/* End PBXBuildFile section */

/* Begin PBXContainerItemProxy section */
		12324A571C6A2F4700627C63 /* PBXContainerItemProxy */ = {
			isa = PBXContainerItemProxy;
			containerPortal = 12324A201C6A2F4700627C63 /* Project object */;
			proxyType = 1;
			remoteGlobalIDString = 12324A271C6A2F4700627C63;
			remoteInfo = BLE;
		};
/* End PBXContainerItemProxy section */

/* Begin PBXFileReference section */
		12324A281C6A2F4700627C63 /* BLE.app */ = {isa = PBXFileReference; explicitFileType = wrapper.application; includeInIndex = 0; path = BLE.app; sourceTree = BUILT_PRODUCTS_DIR; };
		12324A2B1C6A2F4700627C63 /* Foundation.framework */ = {isa = PBXFileReference; lastKnownFileType = wrapper.framework; name = Foundation.framework; path = System/Library/Frameworks/Foundation.framework; sourceTree = SDKROOT; };
		12324A2D1C6A2F4700627C63 /* CoreGraphics.framework */ = {isa = PBXFileReference; lastKnownFileType = wrapper.framework; name = CoreGraphics.framework; path = System/Library/Frameworks/CoreGraphics.framework; sourceTree = SDKROOT; };
		12324A2F1C6A2F4700627C63 /* UIKit.framework */ = {isa = PBXFileReference; lastKnownFileType = wrapper.framework; name = UIKit.framework; path = System/Library/Frameworks/UIKit.framework; sourceTree = SDKROOT; };
		12324A331C6A2F4700627C63 /* BLE-Info.plist */ = {isa = PBXFileReference; lastKnownFileType = text.plist.xml; path = "BLE-Info.plist"; sourceTree = "<group>"; };
		12324A351C6A2F4700627C63 /* en */ = {isa = PBXFileReference; lastKnownFileType = text.plist.strings; name = en; path = en.lproj/InfoPlist.strings; sourceTree = "<group>"; };
		12324A371C6A2F4700627C63 /* main.m */ = {isa = PBXFileReference; lastKnownFileType = sourcecode.c.objc; path = main.m; sourceTree = "<group>"; };
		12324A391C6A2F4700627C63 /* BLE-Prefix.pch */ = {isa = PBXFileReference; lastKnownFileType = sourcecode.c.h; path = "BLE-Prefix.pch"; sourceTree = "<group>"; };
		12324A3A1C6A2F4700627C63 /* AppDelegate.h */ = {isa = PBXFileReference; lastKnownFileType = sourcecode.c.h; path = AppDelegate.h; sourceTree = "<group>"; };
		12324A3B1C6A2F4700627C63 /* AppDelegate.m */ = {isa = PBXFileReference; lastKnownFileType = sourcecode.c.objc; path = AppDelegate.m; sourceTree = "<group>"; };
		12324A3D1C6A2F4700627C63 /* RootViewController.h */ = {isa = PBXFileReference; lastKnownFileType = sourcecode.c.h; path = RootViewController.h; sourceTree = "<group>"; };
		12324A3E1C6A2F4700627C63 /* RootViewController.m */ = {isa = PBXFileReference; lastKnownFileType = sourcecode.c.objc; path = RootViewController.m; sourceTree = "<group>"; };
		12324A401C6A2F4700627C63 /* DataViewController.h */ = {isa = PBXFileReference; lastKnownFileType = sourcecode.c.h; path = DataViewController.h; sourceTree = "<group>"; };
		12324A411C6A2F4700627C63 /* DataViewController.m */ = {isa = PBXFileReference; lastKnownFileType = sourcecode.c.objc; path = DataViewController.m; sourceTree = "<group>"; };
		12324A431C6A2F4700627C63 /* ModelController.h */ = {isa = PBXFileReference; lastKnownFileType = sourcecode.c.h; path = ModelController.h; sourceTree = "<group>"; };
		12324A441C6A2F4700627C63 /* ModelController.m */ = {isa = PBXFileReference; lastKnownFileType = sourcecode.c.objc; path = ModelController.m; sourceTree = "<group>"; };
		12324A471C6A2F4700627C63 /* Base */ = {isa = PBXFileReference; lastKnownFileType = file.storyboard; name = Base; path = Base.lproj/Main_iPhone.storyboard; sourceTree = "<group>"; };
		12324A4A1C6A2F4700627C63 /* Base */ = {isa = PBXFileReference; lastKnownFileType = file.storyboard; name = Base; path = Base.lproj/Main_iPad.storyboard; sourceTree = "<group>"; };
		12324A4C1C6A2F4700627C63 /* Images.xcassets */ = {isa = PBXFileReference; lastKnownFileType = folder.assetcatalog; path = Images.xcassets; sourceTree = "<group>"; };
		12324A521C6A2F4700627C63 /* BLETests.xctest */ = {isa = PBXFileReference; explicitFileType = wrapper.cfbundle; includeInIndex = 0; path = BLETests.xctest; sourceTree = BUILT_PRODUCTS_DIR; };
		12324A531C6A2F4700627C63 /* XCTest.framework */ = {isa = PBXFileReference; lastKnownFileType = wrapper.framework; name = XCTest.framework; path = Library/Frameworks/XCTest.framework; sourceTree = DEVELOPER_DIR; };
		12324A5B1C6A2F4700627C63 /* BLETests-Info.plist */ = {isa = PBXFileReference; lastKnownFileType = text.plist.xml; path = "BLETests-Info.plist"; sourceTree = "<group>"; };
		12324A5D1C6A2F4700627C63 /* en */ = {isa = PBXFileReference; lastKnownFileType = text.plist.strings; name = en; path = en.lproj/InfoPlist.strings; sourceTree = "<group>"; };
		12324A5F1C6A2F4700627C63 /* BLETests.m */ = {isa = PBXFileReference; lastKnownFileType = sourcecode.c.objc; path = BLETests.m; sourceTree = "<group>"; };
/* End PBXFileReference section */

/* Begin PBXFrameworksBuildPhase section */
		12324A251C6A2F4700627C63 /* Frameworks */ = {
			isa = PBXFrameworksBuildPhase;
			buildActionMask = 2147483647;
			files = (
				12324A2E1C6A2F4700627C63 /* CoreGraphics.framework in Frameworks */,
				12324A301C6A2F4700627C63 /* UIKit.framework in Frameworks */,
				12324A2C1C6A2F4700627C63 /* Foundation.framework in Frameworks */,
			);
			runOnlyForDeploymentPostprocessing = 0;
		};
		12324A4F1C6A2F4700627C63 /* Frameworks */ = {
			isa = PBXFrameworksBuildPhase;
			buildActionMask = 2147483647;
			files = (
				12324A541C6A2F4700627C63 /* XCTest.framework in Frameworks */,
				12324A561C6A2F4700627C63 /* UIKit.framework in Frameworks */,
				12324A551C6A2F4700627C63 /* Foundation.framework in Frameworks */,
			);
			runOnlyForDeploymentPostprocessing = 0;
		};
/* End PBXFrameworksBuildPhase section */

/* Begin PBXGroup section */
		12324A1F1C6A2F4700627C63 = {
			isa = PBXGroup;
			children = (
				12324A311C6A2F4700627C63 /* BLE */,
				12324A591C6A2F4700627C63 /* BLETests */,
				12324A2A1C6A2F4700627C63 /* Frameworks */,
				12324A291C6A2F4700627C63 /* Products */,
			);
			sourceTree = "<group>";
		};
		12324A291C6A2F4700627C63 /* Products */ = {
			isa = PBXGroup;
			children = (
				12324A281C6A2F4700627C63 /* BLE.app */,
				12324A521C6A2F4700627C63 /* BLETests.xctest */,
			);
			name = Products;
			sourceTree = "<group>";
		};
		12324A2A1C6A2F4700627C63 /* Frameworks */ = {
			isa = PBXGroup;
			children = (
				12324A2B1C6A2F4700627C63 /* Foundation.framework */,
				12324A2D1C6A2F4700627C63 /* CoreGraphics.framework */,
				12324A2F1C6A2F4700627C63 /* UIKit.framework */,
				12324A531C6A2F4700627C63 /* XCTest.framework */,
			);
			name = Frameworks;
			sourceTree = "<group>";
		};
		12324A311C6A2F4700627C63 /* BLE */ = {
			isa = PBXGroup;
			children = (
				12324A3A1C6A2F4700627C63 /* AppDelegate.h */,
				12324A3B1C6A2F4700627C63 /* AppDelegate.m */,
				12324A3D1C6A2F4700627C63 /* RootViewController.h */,
				12324A3E1C6A2F4700627C63 /* RootViewController.m */,
				12324A401C6A2F4700627C63 /* DataViewController.h */,
				12324A411C6A2F4700627C63 /* DataViewController.m */,
				12324A431C6A2F4700627C63 /* ModelController.h */,
				12324A441C6A2F4700627C63 /* ModelController.m */,
				12324A461C6A2F4700627C63 /* Main_iPhone.storyboard */,
				12324A491C6A2F4700627C63 /* Main_iPad.storyboard */,
				12324A4C1C6A2F4700627C63 /* Images.xcassets */,
				12324A321C6A2F4700627C63 /* Supporting Files */,
			);
			path = BLE;
			sourceTree = "<group>";
		};
		12324A321C6A2F4700627C63 /* Supporting Files */ = {
			isa = PBXGroup;
			children = (
				12324A331C6A2F4700627C63 /* BLE-Info.plist */,
				12324A341C6A2F4700627C63 /* InfoPlist.strings */,
				12324A371C6A2F4700627C63 /* main.m */,
				12324A391C6A2F4700627C63 /* BLE-Prefix.pch */,
			);
			name = "Supporting Files";
			sourceTree = "<group>";
		};
		12324A591C6A2F4700627C63 /* BLETests */ = {
			isa = PBXGroup;
			children = (
				12324A5F1C6A2F4700627C63 /* BLETests.m */,
				12324A5A1C6A2F4700627C63 /* Supporting Files */,
			);
			path = BLETests;
			sourceTree = "<group>";
		};
		12324A5A1C6A2F4700627C63 /* Supporting Files */ = {
			isa = PBXGroup;
			children = (
				12324A5B1C6A2F4700627C63 /* BLETests-Info.plist */,
				12324A5C1C6A2F4700627C63 /* InfoPlist.strings */,
			);
			name = "Supporting Files";
			sourceTree = "<group>";
		};
/* End PBXGroup section */

/* Begin PBXNativeTarget section */
		12324A271C6A2F4700627C63 /* BLE */ = {
			isa = PBXNativeTarget;
			buildConfigurationList = 12324A631C6A2F4700627C63 /* Build configuration list for PBXNativeTarget "BLE" */;
			buildPhases = (
				12324A241C6A2F4700627C63 /* Sources */,
				12324A251C6A2F4700627C63 /* Frameworks */,
				12324A261C6A2F4700627C63 /* Resources */,
			);
			buildRules = (
			);
			dependencies = (
			);
			name = BLE;
			productName = BLE;
			productReference = 12324A281C6A2F4700627C63 /* BLE.app */;
			productType = "com.apple.product-type.application";
		};
		12324A511C6A2F4700627C63 /* BLETests */ = {
			isa = PBXNativeTarget;
			buildConfigurationList = 12324A661C6A2F4700627C63 /* Build configuration list for PBXNativeTarget "BLETests" */;
			buildPhases = (
				12324A4E1C6A2F4700627C63 /* Sources */,
				12324A4F1C6A2F4700627C63 /* Frameworks */,
				12324A501C6A2F4700627C63 /* Resources */,
			);
			buildRules = (
			);
			dependencies = (
				12324A581C6A2F4700627C63 /* PBXTargetDependency */,
			);
			name = BLETests;
			productName = BLETests;
			productReference = 12324A521C6A2F4700627C63 /* BLETests.xctest */;
			productType = "com.apple.product-type.bundle.unit-test";
		};
/* End PBXNativeTarget section */

/* Begin PBXProject section */
		12324A201C6A2F4700627C63 /* Project object */ = {
			isa = PBXProject;
			attributes = {
				LastUpgradeCheck = 0510;
				ORGANIZATIONNAME = "___FULLUSERNAME___";
				TargetAttributes = {
					12324A511C6A2F4700627C63 = {
						TestTargetID = 12324A271C6A2F4700627C63;
					};
				};
			};
			buildConfigurationList = 12324A231C6A2F4700627C63 /* Build configuration list for PBXProject "BLE" */;
			compatibilityVersion = "Xcode 3.2";
			developmentRegion = English;
			hasScannedForEncodings = 0;
			knownRegions = (
				en,
				Base,
			);
			mainGroup = 12324A1F1C6A2F4700627C63;
			productRefGroup = 12324A291C6A2F4700627C63 /* Products */;
			projectDirPath = "";
			projectRoot = "";
			targets = (
				12324A271C6A2F4700627C63 /* BLE */,
				12324A511C6A2F4700627C63 /* BLETests */,
			);
		};
/* End PBXProject section */

/* Begin PBXResourcesBuildPhase section */
		12324A261C6A2F4700627C63 /* Resources */ = {
			isa = PBXResourcesBuildPhase;
			buildActionMask = 2147483647;
			files = (
				12324A4B1C6A2F4700627C63 /* Main_iPad.storyboard in Resources */,
				12324A4D1C6A2F4700627C63 /* Images.xcassets in Resources */,
				12324A481C6A2F4700627C63 /* Main_iPhone.storyboard in Resources */,
				12324A361C6A2F4700627C63 /* InfoPlist.strings in Resources */,
			);
			runOnlyForDeploymentPostprocessing = 0;
		};
		12324A501C6A2F4700627C63 /* Resources */ = {
			isa = PBXResourcesBuildPhase;
			buildActionMask = 2147483647;
			files = (
				12324A5E1C6A2F4700627C63 /* InfoPlist.strings in Resources */,
			);
			runOnlyForDeploymentPostprocessing = 0;
		};
/* End PBXResourcesBuildPhase section */

/* Begin PBXSourcesBuildPhase section */
		12324A241C6A2F4700627C63 /* Sources */ = {
			isa = PBXSourcesBuildPhase;
			buildActionMask = 2147483647;
			files = (
				12324A421C6A2F4700627C63 /* DataViewController.m in Sources */,
				12324A3C1C6A2F4700627C63 /* AppDelegate.m in Sources */,
				12324A451C6A2F4700627C63 /* ModelController.m in Sources */,
				12324A381C6A2F4700627C63 /* main.m in Sources */,
				12324A3F1C6A2F4700627C63 /* RootViewController.m in Sources */,
			);
			runOnlyForDeploymentPostprocessing = 0;
		};
		12324A4E1C6A2F4700627C63 /* Sources */ = {
			isa = PBXSourcesBuildPhase;
			buildActionMask = 2147483647;
			files = (
				12324A601C6A2F4700627C63 /* BLETests.m in Sources */,
			);
			runOnlyForDeploymentPostprocessing = 0;
		};
/* End PBXSourcesBuildPhase section */

/* Begin PBXTargetDependency section */
		12324A581C6A2F4700627C63 /* PBXTargetDependency */ = {
			isa = PBXTargetDependency;
			target = 12324A271C6A2F4700627C63 /* BLE */;
			targetProxy = 12324A571C6A2F4700627C63 /* PBXContainerItemProxy */;
		};
/* End PBXTargetDependency section */

/* Begin PBXVariantGroup section */
		12324A341C6A2F4700627C63 /* InfoPlist.strings */ = {
			isa = PBXVariantGroup;
			children = (
				12324A351C6A2F4700627C63 /* en */,
			);
			name = InfoPlist.strings;
			sourceTree = "<group>";
		};
		12324A461C6A2F4700627C63 /* Main_iPhone.storyboard */ = {
			isa = PBXVariantGroup;
			children = (
				12324A471C6A2F4700627C63 /* Base */,
			);
			name = Main_iPhone.storyboard;
			sourceTree = "<group>";
		};
		12324A491C6A2F4700627C63 /* Main_iPad.storyboard */ = {
			isa = PBXVariantGroup;
			children = (
				12324A4A1C6A2F4700627C63 /* Base */,
			);
			name = Main_iPad.storyboard;
			sourceTree = "<group>";
		};
		12324A5C1C6A2F4700627C63 /* InfoPlist.strings */ = {
			isa = PBXVariantGroup;
			children = (
				12324A5D1C6A2F4700627C63 /* en */,
			);
			name = InfoPlist.strings;
			sourceTree = "<group>";
		};
/* End PBXVariantGroup section */

/* Begin XCBuildConfiguration section */
		12324A611C6A2F4700627C63 /* Debug */ = {
			isa = XCBuildConfiguration;
			buildSettings = {
				ALWAYS_SEARCH_USER_PATHS = NO;
				CLANG_CXX_LANGUAGE_STANDARD = "gnu++0x";
				CLANG_CXX_LIBRARY = "libc++";
				CLANG_ENABLE_MODULES = YES;
				CLANG_ENABLE_OBJC_ARC = YES;
				CLANG_WARN_BOOL_CONVERSION = YES;
				CLANG_WARN_CONSTANT_CONVERSION = YES;
				CLANG_WARN_DIRECT_OBJC_ISA_USAGE = YES_ERROR;
				CLANG_WARN_EMPTY_BODY = YES;
				CLANG_WARN_ENUM_CONVERSION = YES;
				CLANG_WARN_INT_CONVERSION = YES;
				CLANG_WARN_OBJC_ROOT_CLASS = YES_ERROR;
				CLANG_WARN__DUPLICATE_METHOD_MATCH = YES;
				"CODE_SIGN_IDENTITY[sdk=iphoneos*]" = "iPhone Developer";
				COPY_PHASE_STRIP = NO;
				GCC_C_LANGUAGE_STANDARD = gnu99;
				GCC_DYNAMIC_NO_PIC = NO;
				GCC_OPTIMIZATION_LEVEL = 0;
				GCC_PREPROCESSOR_DEFINITIONS = (
					"DEBUG=1",
					"$(inherited)",
				);
				GCC_SYMBOLS_PRIVATE_EXTERN = NO;
				GCC_WARN_64_TO_32_BIT_CONVERSION = YES;
				GCC_WARN_ABOUT_RETURN_TYPE = YES_ERROR;
				GCC_WARN_UNDECLARED_SELECTOR = YES;
				GCC_WARN_UNINITIALIZED_AUTOS = YES_AGGRESSIVE;
				GCC_WARN_UNUSED_FUNCTION = YES;
				GCC_WARN_UNUSED_VARIABLE = YES;
				IPHONEOS_DEPLOYMENT_TARGET = 7.1;
				ONLY_ACTIVE_ARCH = YES;
				SDKROOT = iphoneos;
				TARGETED_DEVICE_FAMILY = "1,2";
			};
			name = Debug;
		};
		12324A621C6A2F4700627C63 /* Release */ = {
			isa = XCBuildConfiguration;
			buildSettings = {
				ALWAYS_SEARCH_USER_PATHS = NO;
				CLANG_CXX_LANGUAGE_STANDARD = "gnu++0x";
				CLANG_CXX_LIBRARY = "libc++";
				CLANG_ENABLE_MODULES = YES;
				CLANG_ENABLE_OBJC_ARC = YES;
				CLANG_WARN_BOOL_CONVERSION = YES;
				CLANG_WARN_CONSTANT_CONVERSION = YES;
				CLANG_WARN_DIRECT_OBJC_ISA_USAGE = YES_ERROR;
				CLANG_WARN_EMPTY_BODY = YES;
				CLANG_WARN_ENUM_CONVERSION = YES;
				CLANG_WARN_INT_CONVERSION = YES;
				CLANG_WARN_OBJC_ROOT_CLASS = YES_ERROR;
				CLANG_WARN__DUPLICATE_METHOD_MATCH = YES;
				"CODE_SIGN_IDENTITY[sdk=iphoneos*]" = "iPhone Developer";
				COPY_PHASE_STRIP = YES;
				ENABLE_NS_ASSERTIONS = NO;
				GCC_C_LANGUAGE_STANDARD = gnu99;
				GCC_WARN_64_TO_32_BIT_CONVERSION = YES;
				GCC_WARN_ABOUT_RETURN_TYPE = YES_ERROR;
				GCC_WARN_UNDECLARED_SELECTOR = YES;
				GCC_WARN_UNINITIALIZED_AUTOS = YES_AGGRESSIVE;
				GCC_WARN_UNUSED_FUNCTION = YES;
				GCC_WARN_UNUSED_VARIABLE = YES;
				IPHONEOS_DEPLOYMENT_TARGET = 7.1;
				SDKROOT = iphoneos;
				TARGETED_DEVICE_FAMILY = "1,2";
				VALIDATE_PRODUCT = YES;
			};
			name = Release;
		};
		12324A641C6A2F4700627C63 /* Debug */ = {
			isa = XCBuildConfiguration;
			buildSettings = {
				ASSETCATALOG_COMPILER_APPICON_NAME = AppIcon;
				ASSETCATALOG_COMPILER_LAUNCHIMAGE_NAME = LaunchImage;
				GCC_PRECOMPILE_PREFIX_HEADER = YES;
				GCC_PREFIX_HEADER = "BLE/BLE-Prefix.pch";
				INFOPLIST_FILE = "BLE/BLE-Info.plist";
				PRODUCT_NAME = "$(TARGET_NAME)";
				WRAPPER_EXTENSION = app;
			};
			name = Debug;
		};
		12324A651C6A2F4700627C63 /* Release */ = {
			isa = XCBuildConfiguration;
			buildSettings = {
				ASSETCATALOG_COMPILER_APPICON_NAME = AppIcon;
				ASSETCATALOG_COMPILER_LAUNCHIMAGE_NAME = LaunchImage;
				GCC_PRECOMPILE_PREFIX_HEADER = YES;
				GCC_PREFIX_HEADER = "BLE/BLE-Prefix.pch";
				INFOPLIST_FILE = "BLE/BLE-Info.plist";
				PRODUCT_NAME = "$(TARGET_NAME)";
				WRAPPER_EXTENSION = app;
			};
			name = Release;
		};
		12324A671C6A2F4700627C63 /* Debug */ = {
			isa = XCBuildConfiguration;
			buildSettings = {
				BUNDLE_LOADER = "$(BUILT_PRODUCTS_DIR)/BLE.app/BLE";
				FRAMEWORK_SEARCH_PATHS = (
					"$(SDKROOT)/Developer/Library/Frameworks",
					"$(inherited)",
					"$(DEVELOPER_FRAMEWORKS_DIR)",
				);
				GCC_PRECOMPILE_PREFIX_HEADER = YES;
				GCC_PREFIX_HEADER = "BLE/BLE-Prefix.pch";
				GCC_PREPROCESSOR_DEFINITIONS = (
					"DEBUG=1",
					"$(inherited)",
				);
				INFOPLIST_FILE = "BLETests/BLETests-Info.plist";
				PRODUCT_NAME = "$(TARGET_NAME)";
				TEST_HOST = "$(BUNDLE_LOADER)";
				WRAPPER_EXTENSION = xctest;
			};
			name = Debug;
		};
		12324A681C6A2F4700627C63 /* Release */ = {
			isa = XCBuildConfiguration;
			buildSettings = {
				BUNDLE_LOADER = "$(BUILT_PRODUCTS_DIR)/BLE.app/BLE";
				FRAMEWORK_SEARCH_PATHS = (
					"$(SDKROOT)/Developer/Library/Frameworks",
					"$(inherited)",
					"$(DEVELOPER_FRAMEWORKS_DIR)",
				);
				GCC_PRECOMPILE_PREFIX_HEADER = YES;
				GCC_PREFIX_HEADER = "BLE/BLE-Prefix.pch";
				INFOPLIST_FILE = "BLETests/BLETests-Info.plist";
				PRODUCT_NAME = "$(TARGET_NAME)";
				TEST_HOST = "$(BUNDLE_LOADER)";
				WRAPPER_EXTENSION = xctest;
			};
			name = Release;
		};
/* End XCBuildConfiguration section */

/* Begin XCConfigurationList section */
		12324A231C6A2F4700627C63 /* Build configuration list for PBXProject "BLE" */ = {
			isa = XCConfigurationList;
			buildConfigurations = (
				12324A611C6A2F4700627C63 /* Debug */,
				12324A621C6A2F4700627C63 /* Release */,
			);
			defaultConfigurationIsVisible = 0;
			defaultConfigurationName = Release;
		};
		12324A631C6A2F4700627C63 /* Build configuration list for PBXNativeTarget "BLE" */ = {
			isa = XCConfigurationList;
			buildConfigurations = (
				12324A641C6A2F4700627C63 /* Debug */,
				12324A651C6A2F4700627C63 /* Release */,
			);
			defaultConfigurationIsVisible = 0;
		};
		12324A661C6A2F4700627C63 /* Build configuration list for PBXNativeTarget "BLETests" */ = {
			isa = XCConfigurationList;
			buildConfigurations = (
				12324A671C6A2F4700627C63 /* Debug */,
				12324A681C6A2F4700627C63 /* Release */,
			);
			defaultConfigurationIsVisible = 0;
		};
/* End XCConfigurationList section */
	};
	rootObject = 12324A201C6A2F4700627C63 /* Project object */;
}
